# This lock file was generated by conda-lock (https://github.com/conda/conda-lock). DO NOT EDIT!
#
# A "lock file" contains a concrete list of package versions (with checksums) to be installed. Unlike
# e.g. `conda env create`, the resulting environment will not change as new package versions become
# available, unless you explicitly update the lock file.
#
# Install this environment as "YOURENV" with:
#     conda-lock install -n YOURENV conda-lock.yml
# To update a single package to the latest version compatible with the version constraints in the source:
#     conda-lock lock  --lockfile conda-lock.yml --update PACKAGE
# To re-solve the entire environment, e.g. after changing a version constraint in the source file:
#     conda-lock -f environment.yml --lockfile conda-lock.yml
version: 1
metadata:
  content_hash:
    linux-64: 34f3f2b72ca2859a5800af0481c2380cc6a0aca7bb89ac24b7353c004f97104c
  channels:
  - url: conda-forge
    used_env_vars: []
  - url: defaults
    used_env_vars: []
  platforms:
  - linux-64
  sources:
  - environment.yml
package:
- name: _openmp_mutex
  version: '4.5'
  manager: conda
  platform: linux-64
  dependencies:
    __glibc: '>=2.17,<3.0.a0'
    libgomp: '>=7.5.0'
  url: https://conda.anaconda.org/conda-forge/linux-64/_openmp_mutex-4.5-20_gnu.conda
  hash:
    md5: a9f577daf3de00bca7c3c76c0ecbd1de
    sha256: 1dd3fffd892081df9726d7eb7e0dea6198962ba775bd88842135a4ddb4deb3c9
  category: main
  optional: false
- name: bzip2
  version: 1.0.8
  manager: conda
  platform: linux-64
  dependencies:
    __glibc: '>=2.17,<3.0.a0'
    libgcc: '>=14'
  url: https://conda.anaconda.org/conda-forge/linux-64/bzip2-1.0.8-hda65f42_10.conda
  hash:
    md5: e675fabcf81499adc7edf58124fb1e01
    sha256: 1a0d382c515ebf55f8ee1f38c8b81bc95af5c2acc42ad53b66bc5df932032f96
  category: main
  optional: false
- name: ca-certificates
  version: 2026.7.22
  manager: conda
  platform: linux-64
  dependencies:
    __unix: ''
  url: https://conda.anaconda.org/conda-forge/noarch/ca-certificates-2026.7.22-hbd8a1cb_0.conda
  hash:
    md5: 0f51e2391ade309db462a55611263e9c
    sha256: 0a0544cf95f64394fe4959286f5c71f5444ad58feb0602e53becb27448d24da6
  category: main
  optional: false
- name: icu
  version: '78.3'
  manager: conda
  platform: linux-64
  dependencies:
    __glibc: '>=2.17,<3.0.a0'
    libgcc: '>=14'
    libstdcxx: '>=14'
  url: https://conda.anaconda.org/conda-forge/linux-64/icu-78.3-py310h44b86e0_2.conda
  hash:
    md5: 72a381cbad04f24b1c2a43ef707f45b4
    sha256: 9f07834f0c546ab14d885ce0366285f61f44e326c0edd1fc63b8294e113ae432
  category: main
  optional: false
- name: ld_impl_linux-64
  version: 2.46.1
  manager: conda
  platform: linux-64
  dependencies:
    __glibc: '>=2.17,<3.0.a0'
    zstd: '>=1.5.7,<1.6.0a0'
  url: https://conda.anaconda.org/conda-forge/linux-64/ld_impl_linux-64-2.46.1-default_hbd61a6d_102.conda
  hash:
    md5: 449500f2c089da11c40f5c21312e3e07
    sha256: 27d83f1188cd19bcb7754a078b3fa7f4cfb8527f8eb2fde54dd01fc529d1adec
  category: main
  optional: false
- name: libexpat
  version: 2.8.1
  manager: conda
  platform: linux-64
  dependencies:
    __glibc: '>=2.17,<3.0.a0'
    libgcc: '>=14'
  url: https://conda.anaconda.org/conda-forge/linux-64/libexpat-2.8.1-hecca717_1.conda
  hash:
    md5: b24d3c612f71e7aa74158d92106318b2
    sha256: 16feffd9ddbbe5b718515d38ee376c685ba95491cd901244e24671d20b952a77
  category: main
  optional: false
- name: libffi
  version: 3.7.0
  manager: conda
  platform: linux-64
  dependencies:
    __glibc: '>=2.17,<3.0.a0'
    libgcc: '>=14'
  url: https://conda.anaconda.org/conda-forge/linux-64/libffi-3.7.0-h3435931_0.conda
  hash:
    md5: 0abe40a9880086ca4d2e5daf09dceff9
    sha256: ac38603008bf1e99b8ed379b1a656a67a70e2841f2b6a069c630cdf6316012d2
  category: main
  optional: false
- name: libgcc
  version: 16.1.0
  manager: conda
  platform: linux-64
  dependencies:
    __glibc: '>=2.17,<3.0.a0'
    _openmp_mutex: '>=4.5'
  url: https://conda.anaconda.org/conda-forge/linux-64/libgcc-16.1.0-ha9f2e26_2.conda
  hash:
    md5: b230041fd4acdd1127ef5870174310ef
    sha256: 4b733b68027a638fd24a38aaed1ebb05e055bef694970fab745b1c7678ca16f1
  category: main
  optional: false
- name: libgomp
  version: 16.1.0
  manager: conda
  platform: linux-64
  dependencies:
    __glibc: '>=2.17,<3.0.a0'
  url: https://conda.anaconda.org/conda-forge/linux-64/libgomp-16.1.0-he0feb66_2.conda
  hash:
    md5: 583bc8fce86ce542fa9a25c5b4d71e80
    sha256: 7d4d1891d5fe5d75a73dd7268e8f2d7c11b7b637dea901a429f8056511960267
  category: main
  optional: false
- name: liblzma
  version: 5.8.3
  manager: conda
  platform: linux-64
  dependencies:
    __glibc: '>=2.17,<3.0.a0'
    libgcc: '>=14'
  url: https://conda.anaconda.org/conda-forge/linux-64/liblzma-5.8.3-hb03c661_1.conda
  hash:
    md5: 1390b7c5ac0b1d8e447bc5efa6d3c8c2
    sha256: 9787df8c22a59c9a70d3e5a10db9ad663485e75e9ccc3f09bd092cb7b95e0dab
  category: main
  optional: false
- name: libnsl
  version: 2.0.1
  manager: conda
  platform: linux-64
  dependencies:
    __glibc: '>=2.17,<3.0.a0'
    libgcc: '>=13'
  url: https://conda.anaconda.org/conda-forge/linux-64/libnsl-2.0.1-hb9d3cd8_1.conda
  hash:
    md5: d864d34357c3b65a4b731f78c0801dc4
    sha256: 927fe72b054277cde6cb82597d0fcf6baf127dcbce2e0a9d8925a68f1265eef5
  category: main
  optional: false
- name: libsqlite
  version: 3.53.4
  manager: conda
  platform: linux-64
  dependencies:
    __glibc: '>=2.17,<3.0.a0'
    icu: '>=78.3,<79.0a0'
    libgcc: '>=15'
    libzlib: '>=1.3.2,<2.0a0'
  url: https://conda.anaconda.org/conda-forge/linux-64/libsqlite-3.53.4-h13e7031_1.conda
  hash:
    md5: e72bbec309c2b0f37823ee7d4fabfcd3
    sha256: f20d70da54e5b31dd4a51fb1efeaafafd5ab6dd8d7ac9d1438eaa2526ac4ed3d
  category: main
  optional: false
- name: libstdcxx
  version: 16.1.0
  manager: conda
  platform: linux-64
  dependencies:
    __glibc: '>=2.17,<3.0.a0'
    libgcc: 16.1.0
  url: https://conda.anaconda.org/conda-forge/linux-64/libstdcxx-16.1.0-h934c35e_2.conda
  hash:
    md5: d4883ac53b4074ca17e5c567bb8008f1
    sha256: af96a5fcf1ce0659d257ababc1b8d0bbb698250e8140c6b8352f60d3be075392
  category: main
  optional: false
- name: libuuid
  version: 2.42.2
  manager: conda
  platform: linux-64
  dependencies:
    __glibc: '>=2.17,<3.0.a0'
    libgcc: '>=14'
  url: https://conda.anaconda.org/conda-forge/linux-64/libuuid-2.42.2-h5347b49_0.conda
  hash:
    md5: 01bb81d12c957de066ea7362007df642
    sha256: 9b1bdce27a7e31f7d241aeecff67a1f3101d52a2b1e33ccc2cdf2613072bf81f
  category: main
  optional: false
- name: libxcrypt
  version: 4.4.38
  manager: conda
  platform: linux-64
  dependencies:
    __glibc: '>=2.17,<3.0.a0'
    libgcc: '>=14'
  url: https://conda.anaconda.org/conda-forge/linux-64/libxcrypt-4.4.38-h280c20c_0.conda
  hash:
    md5: f7a7ff5a6ab331e037abd34f379a631d
    sha256: f7e9292dd219a6435bbb1223da9586c3e70d66d169c5a92f08db3f2127df04e9
  category: main
  optional: false
- name: libzlib
  version: 1.3.2
  manager: conda
  platform: linux-64
  dependencies:
    __glibc: '>=2.17,<3.0.a0'
  url: https://conda.anaconda.org/conda-forge/linux-64/libzlib-1.3.2-h25fd6f3_3.conda
  hash:
    md5: 0de0122d9570a8ab637c6b73db268389
    sha256: eb8a0db0aa570124f7d2a93d7c7f596e3390df5e047818d873baad32985fc736
  category: main
  optional: false
- name: ncurses
  version: '6.6'
  manager: conda
  platform: linux-64
  dependencies:
    __glibc: '>=2.17,<3.0.a0'
    libgcc: '>=14'
  url: https://conda.anaconda.org/conda-forge/linux-64/ncurses-6.6-hdb14827_1.conda
  hash:
    md5: ee6c0cd80a60961a1f48aa3e0b91f986
    sha256: 5d46557214ed184381dafe835b7c94a474a1c3b307a08a250b1ea4779b44ffb3
  category: main
  optional: false
- name: openssl
  version: 3.6.3
  manager: conda
  platform: linux-64
  dependencies:
    __glibc: '>=2.17,<3.0.a0'
    ca-certificates: ''
    libgcc: '>=14'
  url: https://conda.anaconda.org/conda-forge/linux-64/openssl-3.6.3-h35e630c_1.conda
  hash:
    md5: c5955c27917ff2234def47f075e71e02
    sha256: 012096056b97abf1f68c46b7146bd2cbd68c1be762340b4f5dad4fbbe99177bc
  category: main
  optional: false
- name: packaging
  version: '26.3'
  manager: conda
  platform: linux-64
  dependencies:
    python: '>=3.9'
  url: https://conda.anaconda.org/conda-forge/noarch/packaging-26.3-pyhc364b38_0.conda
  hash:
    md5: 936687ed80f295a1f5dbcf8bd34c252c
    sha256: c432626b16768b8dab228bfb706f7060c2d462a21c516d240f68f2f902b5a044
  category: main
  optional: false
- name: pip
  version: 26.2.1
  manager: conda
  platform: linux-64
  dependencies:
    python: '>=3.10,<3.13.0a0'
    setuptools: ''
    wheel: ''
  url: https://conda.anaconda.org/conda-forge/noarch/pip-26.2.1-pyh8b19718_0.conda
  hash:
    md5: 77b6cf3b0689d9fc68561df0db9b856d
    sha256: c205bae42eb11b364fe3663a817cbcbc20a8ef544c6b2ff6f391013487117259
  category: main
  optional: false
- name: python
  version: 3.12.13
  manager: conda
  platform: linux-64
  dependencies:
    __glibc: '>=2.17,<3.0.a0'
    bzip2: '>=1.0.8,<2.0a0'
    ld_impl_linux-64: '>=2.36.1'
    libexpat: '>=2.8.1,<3.0a0'
    libffi: '>=3.7.0,<3.8.0a0'
    libgcc: '>=14'
    liblzma: '>=5.8.3,<6.0a0'
    libnsl: '>=2.0.1,<2.1.0a0'
    libsqlite: '>=3.53.4,<4.0a0'
    libuuid: '>=2.42.2,<3.0a0'
    libxcrypt: '>=4.4.38'
    libzlib: '>=1.3.2,<2.0a0'
    ncurses: '>=6.6,<7.0a0'
    openssl: '>=3.5.7,<4.0a0'
    readline: '>=8.3,<9.0a0'
    tk: '>=8.6.13,<8.7.0a0'
    tzdata: ''
  url: https://conda.anaconda.org/conda-forge/linux-64/python-3.12.13-h8ab3286_1_cpython.conda
  hash:
    md5: c6e02a78e3b6427c633328fea9399534
    sha256: df3d1e5f972e79e78b61730c09135c795f6e7aa45b7777835c95f451e85eff0d
  category: main
  optional: false
- name: readline
  version: '8.3'
  manager: conda
  platform: linux-64
  dependencies:
    __glibc: '>=2.17,<3.0.a0'
    libgcc: '>=15'
    ncurses: '>=6.6,<7.0a0'
  url: https://conda.anaconda.org/conda-forge/linux-64/readline-8.3-hd6e31c0_1.conda
  hash:
    md5: 69c01c781e7c8190bbdaf79e3848c5ca
    sha256: 01b3fe073a66e321970d09e04b388708f8cbdca5cdfbfcb7c9eeb470ad10383d
  category: main
  optional: false
- name: setuptools
  version: 84.0.0
  manager: conda
  platform: linux-64
  dependencies:
    python: '>=3.10'
  url: https://conda.anaconda.org/conda-forge/noarch/setuptools-84.0.0-pyh332efcf_0.conda
  hash:
    md5: 62ac906f1cd582c6c264c95625cb9d6f
    sha256: 9e200ee5f9ff19a4d94e4b51c4856d53dec849f91032f345cf0c6bc3d51a7183
  category: main
  optional: false
- name: tk
  version: 8.6.13
  manager: conda
  platform: linux-64
  dependencies:
    __glibc: '>=2.17,<3.0.a0'
    libgcc: '>=15'
    libzlib: '>=1.3.2,<2.0a0'
  url: https://conda.anaconda.org/conda-forge/linux-64/tk-8.6.13-noxft_h1df4ec4_4.conda
  hash:
    md5: 676a2f9b1c4fcf57b70aa5c65f6c60d0
    sha256: a1a241d172c1ccab067ba245206dd048bc3c2d1b84504b53c9468e99adfc16a1
  category: main
  optional: false
- name: tzdata
  version: 2026c
  manager: conda
  platform: linux-64
  dependencies: {}
  url: https://conda.anaconda.org/conda-forge/noarch/tzdata-2026c-h151e31d_0.conda
  hash:
    md5: fcb489df604d100968b737f2cb6076c6
    sha256: b928c30ddcb0e3f544c6eade8352737e6e610e263276b90232db6a578ef899d8
  category: main
  optional: false
- name: wheel
  version: 0.48.0
  manager: conda
  platform: linux-64
  dependencies:
    packaging: '>=24.0'
    python: '>=3.10'
  url: https://conda.anaconda.org/conda-forge/noarch/wheel-0.48.0-pyhd8ed1ab_0.conda
  hash:
    md5: 9a2124517bfd5d792e0f7b86eefdfeb8
    sha256: ba64b29b6d418024cb565081a1799262cb2780d2534ff4c14f76aa858c4286cd
  category: main
  optional: false
- name: zstd
  version: 1.5.7
  manager: conda
  platform: linux-64
  dependencies:
    __glibc: '>=2.17,<3.0.a0'
    libzlib: '>=1.3.2,<2.0a0'
  url: https://conda.anaconda.org/conda-forge/linux-64/zstd-1.5.7-hb78ec9c_7.conda
  hash:
    md5: aa459086047c0e5e27023ab19f8cb86a
    sha256: 47d682b9f6d6ec9eb1a6e6c3e75ea6273e899e78fb7fc59f81d39745009fbc60
  category: main
  optional: false
- name: altair
  version: 6.2.2
  manager: pip
  platform: linux-64
  dependencies:
    jinja2: '*'
    jsonschema: '>=3.0'
    narwhals: '>=2.4.0'
    packaging: '*'
    typing-extensions: '>=4.12.0'
  url: https://files.pythonhosted.org/packages/e3/99/d6031f4f146298951c46b1bf1cc160c2a63f6e44b3c13a30054add100d5f/altair-6.2.2-py3-none-any.whl
  hash:
    sha256: 94014f8ad8617c3cb163d1137359cd6db5ba134b9b46d93cfd8b609fd245a583
  category: main
  optional: false
- name: anyio
  version: 4.14.2
  manager: pip
  platform: linux-64
  dependencies:
    idna: '>=2.8'
    typing-extensions: '>=4.5'
  url: https://files.pythonhosted.org/packages/da/35/f2287558c17e29fafc8ef3daf819bb9834061cfa43bff8014f7df7f63bdc/anyio-4.14.2-py3-none-any.whl
  hash:
    sha256: 9f505dda5ac9f0c8309b5e8bd445a8c2bf7246f3ce950121e45ea15bc41d1494
  category: main
  optional: false
- name: attrs
  version: 26.1.0
  manager: pip
  platform: linux-64
  dependencies: {}
  url: https://files.pythonhosted.org/packages/64/b4/17d4b0b2a2dc85a6df63d1157e028ed19f90d4cd97c36717afef2bc2f395/attrs-26.1.0-py3-none-any.whl
  hash:
    sha256: c647aa4a12dfbad9333ca4e71fe62ddc36f4e63b2d260a37a8b83d2f043ac309
  category: main
  optional: false
- name: blinker
  version: 1.9.0
  manager: pip
  platform: linux-64
  dependencies: {}
  url: https://files.pythonhosted.org/packages/10/cb/f2ad4230dc2eb1a74edf38f1a38b9b52277f75bef262d8908e60d957e13c/blinker-1.9.0-py3-none-any.whl
  hash:
    sha256: ba0efaa9080b619ff2f3459d1d500c57bddea4a6b424b60a91141db6fd2f08bc
  category: main
  optional: false
- name: cachetools
  version: 7.1.7
  manager: pip
  platform: linux-64
  dependencies: {}
  url: https://files.pythonhosted.org/packages/e4/d8/767faeda872075724b95dd675466a645f1b92aadcdcf2d1429dcfd76c176/cachetools-7.1.7-py3-none-any.whl
  hash:
    sha256: ef98ef375ad188819ef2f9b3645e3987f4b8c5b7550e436ad998c2de78296df0
  category: main
  optional: false
- name: certifi
  version: 2026.7.22
  manager: pip
  platform: linux-64
  dependencies: {}
  url: https://files.pythonhosted.org/packages/0b/a7/71ac2cff56fec219ed242bb11b8efb69fcc4bec75db06fb7bfe35de520e6/certifi-2026.7.22-py3-none-any.whl
  hash:
    sha256: 62f22742b58a1a33014a2b6b706588a8d7e2a88ae7bd1a6ebe8c992928483775
  category: main
  optional: false
- name: charset-normalizer
  version: 3.5.1
  manager: pip
  platform: linux-64
  dependencies: {}
  url: https://files.pythonhosted.org/packages/6f/89/bb5108dc6c3651dca963f2b0a3ba19bbcb370c94e1b6d3e0e844a58e6dca/charset_normalizer-3.5.1-cp312-cp312-manylinux2014_x86_64.manylinux_2_17_x86_64.manylinux_2_28_x86_64.whl
  hash:
    sha256: b9af956078716df40d985fb0dfeb2c2120c5ca92ba4ff4b388acfd01cdc14d08
  category: main
  optional: false
- name: click
  version: 8.4.2
  manager: pip
  platform: linux-64
  dependencies: {}
  url: https://files.pythonhosted.org/packages/fb/e2/79c688af8b210d232694e31e59da9f6ec747bae31c3f5946e4e9b98860d5/click-8.4.2-py3-none-any.whl
  hash:
    sha256: e6f9f66136c816745b9d65817da91d61d957fb16e02e4dcd0552553c5a197b76
  category: main
  optional: false
- name: gitdb
  version: 4.0.12
  manager: pip
  platform: linux-64
  dependencies:
    smmap: '>=3.0.1,<6'
  url: https://files.pythonhosted.org/packages/a0/61/5c78b91c3143ed5c14207f463aecfc8f9dbb5092fb2869baf37c273b2705/gitdb-4.0.12-py3-none-any.whl
  hash:
    sha256: 67073e15955400952c6565cc3e707c554a4eea2e428946f7a4c162fab9bd9bcf
  category: main
  optional: false
- name: gitpython
  version: 3.1.59
  manager: pip
  platform: linux-64
  dependencies:
    gitdb: '>=4.0.1,<5'
  url: https://files.pythonhosted.org/packages/ef/ed/ae57eb7d344f43f87b74b3a281ead6ec7d6394eef72a7b1dcb28dd089550/gitpython-3.1.59-py3-none-any.whl
  hash:
    sha256: 67a82f537384578643624c8b2c531938a9b82be431663e575dcf638526631d4c
  category: main
  optional: false
- name: h11
  version: 0.16.0
  manager: pip
  platform: linux-64
  dependencies: {}
  url: https://files.pythonhosted.org/packages/04/4b/29cac41a4d98d144bf5f6d33995617b185d14b22401f75ca86f384e87ff1/h11-0.16.0-py3-none-any.whl
  hash:
    sha256: 63cf8bbe7522de3bf65932fda1d9c2772064ffb3dae62d55932da54b31cb6c86
  category: main
  optional: false
- name: httptools
  version: 0.8.0
  manager: pip
  platform: linux-64
  dependencies: {}
  url: https://files.pythonhosted.org/packages/e3/a6/febbb8b8db0f58b38e44ad6cb946e6a255ae49b55f2e8543408fb7501ccd/httptools-0.8.0-cp312-cp312-manylinux1_x86_64.manylinux_2_28_x86_64.manylinux_2_5_x86_64.whl
  hash:
    sha256: b15fc622b0f869d19207c4089a501d9bcc63ca5e071ffdd2f03f922df882dcb2
  category: main
  optional: false
- name: idna
  version: '3.19'
  manager: pip
  platform: linux-64
  dependencies: {}
  url: https://files.pythonhosted.org/packages/57/b0/0e52c878c53f245edd3a11020f20979b3f490f245af532c7cae3027754b5/idna-3.19-py3-none-any.whl
  hash:
    sha256: 815e7be7a7806d54abb586dc943addc79e8b2ee16915059658cbeff4b1b43bf4
  category: main
  optional: false
- name: itsdangerous
  version: 2.2.0
  manager: pip
  platform: linux-64
  dependencies: {}
  url: https://files.pythonhosted.org/packages/04/96/92447566d16df59b2a776c0fb82dbc4d9e07cd95062562af01e408583fc4/itsdangerous-2.2.0-py3-none-any.whl
  hash:
    sha256: c6242fc49e35958c8b15141343aa660db5fc54d4f13a1db01a3f5891b98700ef
  category: main
  optional: false
- name: jinja2
  version: 3.1.6
  manager: pip
  platform: linux-64
  dependencies:
    markupsafe: '>=2.0'
  url: https://files.pythonhosted.org/packages/62/a1/3d680cbfd5f4b8f15abc1d571870c5fc3e594bb582bc3b64ea099db13e56/jinja2-3.1.6-py3-none-any.whl
  hash:
    sha256: 85ece4451f492d0c13c5dd7c13a64681a86afae63a5f347908daf103ce6d2f67
  category: main
  optional: false
- name: jsonschema
  version: 4.26.0
  manager: pip
  platform: linux-64
  dependencies:
    attrs: '>=22.2.0'
    jsonschema-specifications: '>=2023.03.6'
    referencing: '>=0.28.4'
    rpds-py: '>=0.25.0'
  url: https://files.pythonhosted.org/packages/69/90/f63fb5873511e014207a475e2bb4e8b2e570d655b00ac19a9a0ca0a385ee/jsonschema-4.26.0-py3-none-any.whl
  hash:
    sha256: d489f15263b8d200f8387e64b4c3a75f06629559fb73deb8fdfb525f2dab50ce
  category: main
  optional: false
- name: jsonschema-specifications
  version: 2025.9.1
  manager: pip
  platform: linux-64
  dependencies:
    referencing: '>=0.31.0'
  url: https://files.pythonhosted.org/packages/41/45/1a4ed80516f02155c51f51e8cedb3c1902296743db0bbc66608a0db2814f/jsonschema_specifications-2025.9.1-py3-none-any.whl
  hash:
    sha256: 98802fee3a11ee76ecaca44429fda8a41bff98b00a0f2838151b113f210cc6fe
  category: main
  optional: false
- name: markupsafe
  version: 3.0.3
  manager: pip
  platform: linux-64
  dependencies: {}
  url: https://files.pythonhosted.org/packages/3c/2e/8d0c2ab90a8c1d9a24f0399058ab8519a3279d1bd4289511d74e909f060e/markupsafe-3.0.3-cp312-cp312-manylinux2014_x86_64.manylinux_2_17_x86_64.manylinux_2_28_x86_64.whl
  hash:
    sha256: d6dd0be5b5b189d31db7cda48b91d7e0a9795f31430b7f271219ab30f1d3ac9d
  category: main
  optional: false
- name: narwhals
  version: 2.25.0
  manager: pip
  platform: linux-64
  dependencies: {}
  url: https://files.pythonhosted.org/packages/eb/dc/55481808fd70ef1567cf13540ffd4702af3f74b112e35427564b03f79c2d/narwhals-2.25.0-py3-none-any.whl
  hash:
    sha256: 1f0f403e8c7e4463cde9bfe78b12fdd809e3ae3dda6d9b2f802934fb9c7a6a8f
  category: main
  optional: false
- name: numpy
  version: 2.5.2
  manager: pip
  platform: linux-64
  dependencies: {}
  url: https://files.pythonhosted.org/packages/3a/5f/62d28cf019460c7f1394105b4d49d9911a9c444cb77ab0bd95a204c5a6de/numpy-2.5.2-cp312-cp312-manylinux_2_27_x86_64.manylinux_2_28_x86_64.whl
  hash:
    sha256: 3cdec01fa790a186d430433fdd4d4ffb70eed6f0eeb4bf05c8dbe2dce0a9bcb8
  category: main
  optional: false
- name: pandas
  version: 3.0.3
  manager: pip
  platform: linux-64
  dependencies:
    numpy: '>=1.26.0'
    python-dateutil: '>=2.8.2'
  url: https://files.pythonhosted.org/packages/65/b6/09b01cdbc15224e2850365192d17b7bdebb8bdbd8780ed221fcdf0d9a515/pandas-3.0.3-cp312-cp312-manylinux_2_24_x86_64.manylinux_2_28_x86_64.whl
  hash:
    sha256: 6dc0b3fd2169c9157deed50b4d519553a3655c8c6a96027136d654592be973a9
  category: main
  optional: false
- name: pillow
  version: 12.3.0
  manager: pip
  platform: linux-64
  dependencies: {}
  url: https://files.pythonhosted.org/packages/84/21/a35af28dcc61f37ed850a2d64c65c701321dfbf25085e469d5559360cbbf/pillow-12.3.0-cp312-cp312-manylinux_2_27_x86_64.manylinux_2_28_x86_64.whl
  hash:
    sha256: 78cb2c6865a35ab8ff8b75fd122f6033b92a62c82801110e48ddd6c936a45d91
  category: main
  optional: false
- name: protobuf
  version: 7.36.0
  manager: pip
  platform: linux-64
  dependencies: {}
  url: https://files.pythonhosted.org/packages/c7/f8/bd5804695ba400e423c33fd4d9f58c28d86633d5ba1945c36ff3967d98cb/protobuf-7.36.0-cp310-abi3-manylinux2014_x86_64.whl
  hash:
    sha256: 70f5ec8eb0da81a44360c0dc0beac99a0d78071d21956a7076bae8bd2051841b
  category: main
  optional: false
- name: pyarrow
  version: 24.0.0
  manager: pip
  platform: linux-64
  dependencies: {}
  url: https://files.pythonhosted.org/packages/b3/7a/829f7d9dfd37c207206081d6dad474d81dde29952401f07f2ba507814818/pyarrow-24.0.0-cp312-cp312-manylinux_2_28_x86_64.whl
  hash:
    sha256: 6165461f55ef6314f026de6638d661188e3455d3ec49834556a0ebbdbace18bb
  category: main
  optional: false
- name: pydeck
  version: 0.9.3
  manager: pip
  platform: linux-64
  dependencies:
    jinja2: '>=2.10.1'
    numpy: '>=1.16.4'
  url: https://files.pythonhosted.org/packages/6f/34/3998411437aff304a9ed4fa37a6fe1ef3132bcd2b5eac59851b80c86123c/pydeck-0.9.3-py2.py3-none-any.whl
  hash:
    sha256: d8a47c11c81fb12d51b1feb42427ff4f0e13cb599e48931021b2cba98b6849a6
  category: main
  optional: false
- name: pypdf
  version: 6.14.2
  manager: pip
  platform: linux-64
  dependencies: {}
  url: https://files.pythonhosted.org/packages/49/e6/136aa8993a2ae7214e0b0ef2edaa0d2e08d1d4e4982635b08a835ff31ec8/pypdf-6.14.2-py3-none-any.whl
  hash:
    sha256: 3f07891af76dc002657e04993ab9b4de81de29f9013b9761d0b7968bff12e946
  category: main
  optional: false
- name: python-dateutil
  version: 2.9.0.post0
  manager: pip
  platform: linux-64
  dependencies:
    six: '>=1.5'
  url: https://files.pythonhosted.org/packages/ec/57/56b9bcc3c9c6a792fcbaf139543cee77261f3651ca9da0c93f5c1221264b/python_dateutil-2.9.0.post0-py2.py3-none-any.whl
  hash:
    sha256: a8b2bc7bffae282281c8140a97d3aa9c14da0b136dfe83f850eea9a5f7470427
  category: main
  optional: false
- name: python-multipart
  version: 0.0.32
  manager: pip
  platform: linux-64
  dependencies: {}
  url: https://files.pythonhosted.org/packages/e1/04/e8135ebd1ad02c56ec633277529b2602ff99ff634be76cdba5744cf554fd/python_multipart-0.0.32-py3-none-any.whl
  hash:
    sha256: ff6d3f776f16878c894e52e107296ffc890e913c611b1a4ec6c44e2821fe2e23
  category: main
  optional: false
- name: referencing
  version: 0.37.0
  manager: pip
  platform: linux-64
  dependencies:
    attrs: '>=22.2.0'
    rpds-py: '>=0.7.0'
    typing-extensions: '>=4.4.0'
  url: https://files.pythonhosted.org/packages/2c/58/ca301544e1fa93ed4f80d724bf5b194f6e4b945841c5bfd555878eea9fcb/referencing-0.37.0-py3-none-any.whl
  hash:
    sha256: 381329a9f99628c9069361716891d34ad94af76e461dcb0335825aecc7692231
  category: main
  optional: false
- name: reportlab
  version: 5.0.0
  manager: pip
  platform: linux-64
  dependencies:
    charset-normalizer: '*'
    pillow: '>=9.0.0'
  url: https://files.pythonhosted.org/packages/a3/07/70085c17a369605f15e301d10ab902115019b1126c7253d964afc230c7d6/reportlab-5.0.0-py3-none-any.whl
  hash:
    sha256: 9d5a3affa84919e1111ede580031266a570e93b1ce388219621347965ff1d93c
  category: main
  optional: false
- name: requests
  version: 2.34.2
  manager: pip
  platform: linux-64
  dependencies:
    certifi: '>=2023.5.7'
    charset-normalizer: '>=2,<4'
    idna: '>=2.5,<4'
    urllib3: '>=1.26,<3'
  url: https://files.pythonhosted.org/packages/a0/f4/c67b0b3f1b9245e8d266f0f112c500d50e5b4e83cb6f3b71b6528104182a/requests-2.34.2-py3-none-any.whl
  hash:
    sha256: 2a0d60c172f83ac6ab31e4554906c0f3b3588d37b5cb939b1c061f4907e278e0
  category: main
  optional: false
- name: rpds-py
  version: 2026.6.3
  manager: pip
  platform: linux-64
  dependencies: {}
  url: https://files.pythonhosted.org/packages/04/8f/d2f3f532616be4d06c316ef119683e832bd3d41e112bf3a88f4151c95b17/rpds_py-2026.6.3-cp312-cp312-manylinux_2_17_x86_64.manylinux2014_x86_64.whl
  hash:
    sha256: ecabd69db66de867690f9797f2f8fa27ba501bbc24540cbdbdc649cd15888ba6
  category: main
  optional: false
- name: six
  version: 1.17.0
  manager: pip
  platform: linux-64
  dependencies: {}
  url: https://files.pythonhosted.org/packages/b7/ce/149a00dd41f10bc29e5921b496af8b574d8413afcd5e30dfa0ed46c2cc5e/six-1.17.0-py2.py3-none-any.whl
  hash:
    sha256: 4721f391ed90541fddacab5acf947aa0d3dc7d27b2e1e8eda2be8970586c3274
  category: main
  optional: false
- name: smmap
  version: 5.0.3
  manager: pip
  platform: linux-64
  dependencies: {}
  url: https://files.pythonhosted.org/packages/c1/d4/59e74daffcb57a07668852eeeb6035af9f32cbfd7a1d2511f17d2fe6a738/smmap-5.0.3-py3-none-any.whl
  hash:
    sha256: c106e05d5a61449cf6ba9a1e650227ecfb141590d2a98412103ff35d89fc7b2f
  category: main
  optional: false
- name: starlette
  version: 1.6.0
  manager: pip
  platform: linux-64
  dependencies:
    anyio: '>=3.6.2,<5'
    typing-extensions: '>=4.10.0'
  url: https://files.pythonhosted.org/packages/c8/cb/6a6a47d5b464bd08695d254f3da6e7986cc70c9fa5d778eda57538edfe56/starlette-1.6.0-py3-none-any.whl
  hash:
    sha256: a86dd39d14bb45f85a3d18525215a9ef0cfd1f192ac793220e72598c90335f0c
  category: main
  optional: false
- name: streamlit
  version: 1.59.2
  manager: pip
  platform: linux-64
  dependencies:
    altair: '>=4.0,<5.4.0 || >5.4.0,<5.4.1 || >5.4.1,<7'
    anyio: '>=4.0.0'
    blinker: '>=1.5.0,<2'
    cachetools: '>=5.5,<8'
    click: '>=7.0,<9'
    gitpython: '>=3.0.7,<3.1.19 || >3.1.19,<4'
    httptools: '>=0.6.3'
    itsdangerous: '>=2.1.2'
    numpy: '>=1.23,<3'
    packaging: '>=20'
    pandas: '>=1.4.0,<4'
    pillow: '>=7.1.0,<13'
    protobuf: '>=3.20,<8'
    pyarrow: '>=7.0,<25'
    pydeck: '>=0.8.0b4,<1'
    python-multipart: '>=0.0.10'
    requests: '>=2.27,<3'
    starlette: '>=0.40.0'
    tenacity: '>=8.1.0,<10'
    toml: '>=0.10.1,<2'
    typing-extensions: '>=4.10.0,<5'
    uvicorn: '>=0.30.0'
    watchdog: '>=2.1.5,<7'
    websockets: '>=12.0.0'
  url: https://files.pythonhosted.org/packages/fa/4b/c2902746fb3fcc737ba925865a73475ad51521f26f84652aa9b337e12227/streamlit-1.59.2-py3-none-any.whl
  hash:
    sha256: 5014cb4f0064bd16c58fe334cb0d3c4b7e2be3d1ce4c02202c07114a33576dab
  category: main
  optional: false
- name: tenacity
  version: 9.1.4
  manager: pip
  platform: linux-64
  dependencies: {}
  url: https://files.pythonhosted.org/packages/d7/c1/eb8f9debc45d3b7918a32ab756658a0904732f75e555402972246b0b8e71/tenacity-9.1.4-py3-none-any.whl
  hash:
    sha256: 6095a360c919085f28c6527de529e76a06ad89b23659fa881ae0649b867a9d55
  category: main
  optional: false
- name: toml
  version: 0.10.2
  manager: pip
  platform: linux-64
  dependencies: {}
  url: https://files.pythonhosted.org/packages/44/6f/7120676b6d73228c96e17f1f794d8ab046fc910d781c8d151120c3f1569e/toml-0.10.2-py2.py3-none-any.whl
  hash:
    sha256: 806143ae5bfb6a3c6e736a764057db0e6a0e05e338b5630894a5f779cabb4f9b
  category: main
  optional: false
- name: typing-extensions
  version: 4.16.0
  manager: pip
  platform: linux-64
  dependencies: {}
  url: https://files.pythonhosted.org/packages/49/d3/b8441a820a491ddfc024b0b0cf0393375b75ea13866d9c66727e54c2fc80/typing_extensions-4.16.0-py3-none-any.whl
  hash:
    sha256: 481caa481374e813c1b176ada14e97f1f67a4539ce9cfeb3f350d78d6370c2e8
  category: main
  optional: false
- name: urllib3
  version: 2.7.0
  manager: pip
  platform: linux-64
  dependencies: {}
  url: https://files.pythonhosted.org/packages/7f/3e/5db95bcf282c52709639744ca2a8b149baccf648e39c8cc87553df9eae0c/urllib3-2.7.0-py3-none-any.whl
  hash:
    sha256: 9fb4c81ebbb1ce9531cce37674bbc6f1360472bc18ca9a553ede278ef7276897
  category: main
  optional: false
- name: uvicorn
  version: 0.52.4
  manager: pip
  platform: linux-64
  dependencies:
    click: '>=7.0'
    h11: '>=0.8'
  url: https://files.pythonhosted.org/packages/f1/79/4a20b54ab0491485ccd8c077db2d39187c7f12b3e15485d38a7be37c81b4/uvicorn-0.52.4-py3-none-any.whl
  hash:
    sha256: f86e41a149d7d05a9969337e3946a9c171c06a5d42680896daaba624aeac8da1
  category: main
  optional: false
- name: watchdog
  version: 6.0.0
  manager: pip
  platform: linux-64
  dependencies: {}
  url: https://files.pythonhosted.org/packages/b5/e8/dbf020b4d98251a9860752a094d09a65e1b436ad181faf929983f697048f/watchdog-6.0.0-py3-none-manylinux2014_x86_64.whl
  hash:
    sha256: 20ffe5b202af80ab4266dcd3e91aae72bf2da48c0d33bdb15c66658e685e94e2
  category: main
  optional: false
- name: websockets
  version: 17.0.1
  manager: pip
  platform: linux-64
  dependencies: {}
  url: https://files.pythonhosted.org/packages/42/28/9ec976c16d63cc51c28dfec74b66854048c0b8b6579946e902f91b69e8bf/websockets-17.0.1-cp312-cp312-manylinux1_x86_64.manylinux_2_28_x86_64.manylinux_2_5_x86_64.whl
  hash:
    sha256: f47b0815af3948ec6a440b3afa02f05b18cc0939549e91b5c677b5d9c2c8472a
  category: main
  optional: false
